
Microsoft Visual Studio Solution File, Format Version 12.00
# Visual Studio Version 17
VisualStudioVersion = 17.5.002.0
MinimumVisualStudioVersion = 10.0.40219.1
Project("{9A19103F-16F7-4668-BE54-9A1E7A4F7556}") = "Dulces-Momentos", "Dulces-Momentos.csproj", "{C11CBBE7-E7AE-404A-926F-62E57C735592}"
EndProject
Global
	GlobalSection(SolutionConfigurationPlatforms) = preSolution
		Debug|Any CPU = Debug|Any CPU
		Release|Any CPU = Release|Any CPU
	EndGlobalSection
	GlobalSection(ProjectConfigurationPlatforms) = postSolution
		{C11CBBE7-E7AE-404A-926F-62E57C735592}.Debug|Any CPU.ActiveCfg = Debug|Any CPU
		{C11CBBE7-E7AE-404A-926F-62E57C735592}.Debug|Any CPU.Build.0 = Debug|Any CPU
		{C11CBBE7-E7AE-404A-926F-62E57C735592}.Release|Any CPU.ActiveCfg = Release|Any CPU
		{C11CBBE7-E7AE-404A-926F-62E57C735592}.Release|Any CPU.Build.0 = Release|Any CPU
	EndGlobalSection
	GlobalSection(SolutionProperties) = preSolution
		HideSolutionNode = FALSE
	EndGlobalSection
	GlobalSection(ExtensibilityGlobals) = postSolution
		SolutionGuid = {75EA3E0F-7DAE-45FD-9637-D2B736D3BE61}
	EndGlobalSection
EndGlobal
